{
  "mojo_version": "0.26.1",
  "packages": [
    {
      "name": "tcp",
      "version": "1.0.3",
      "source_url": "https://github.com/Mosaad-M/tcp/archive/refs/tags/v1.0.3.tar.gz",
      "sha256": "89e602565839c1c8a1cb00ed4713c78aaa943836d977cdff616f658e8377a877",
      "install_path": "/home/mmosaad/.mojo/packages/tcp/1.0.3"
    },
    {
      "name": "tls",
      "version": "1.0.2",
      "source_url": "https://github.com/Mosaad-M/tls/archive/v1.0.2.tar.gz",
      "sha256": "bb06949c8799965f292b0d0ef4ea49750e1043db76cd92cedbdcdebf0601c09b",
      "install_path": "/home/mmosaad/.mojo/packages/tls/1.0.2"
    }
  ]
}
